
Microsoft Visual Studio Solution File, Format Version 12.00
# Visual Studio 15
VisualStudioVersion = 15.0.26124.0
MinimumVisualStudioVersion = 15.0.26124.0
Project("{2150E333-8FDC-42A3-9474-1A3956D46DE8}") = "src", "src", "{A06D2D23-A087-4A2E-9BBD-FB69061ADD9F}"
EndProject
Project("{FAE04EC0-301F-11D3-BF4B-00C04F79EFBC}") = "app.model", "src\app.model\app.model.csproj", "{FB31E98A-8700-40C5-BB0F-5C2B540F2E4C}"
EndProject
Project("{FAE04EC0-301F-11D3-BF4B-00C04F79EFBC}") = "app.data", "src\app.data\app.data.csproj", "{F734953B-A2CA-43A9-AB9F-409A813FA7C5}"
EndProject
Project("{FAE04EC0-301F-11D3-BF4B-00C04F79EFBC}") = "app.model.entities", "src\app.model.entities\app.model.entities.csproj", "{0FE37BD8-A05D-4AF0-B9D2-74394061E517}"
EndProject
Project("{FAE04EC0-301F-11D3-BF4B-00C04F79EFBC}") = "app.tests", "src\app.tests\app.tests.csproj", "{20F3AF3F-0DCA-46F0-8DA1-077E1324F21E}"
EndProject
Project("{FAE04EC0-301F-11D3-BF4B-00C04F79EFBC}") = "app.common", "src\app.common\app.common.csproj", "{0E70ECD3-79E5-4DFF-BA69-B1FF75AA5827}"
EndProject
Project("{FAE04EC0-301F-11D3-BF4B-00C04F79EFBC}") = "app.services.email", "src\app.services.email\app.services.email.csproj", "{32549F83-22DD-4F06-9FF3-29F9A2722600}"
EndProject
Project("{FAE04EC0-301F-11D3-BF4B-00C04F79EFBC}") = "app.api.customers", "src\app.api.customers\app.api.customers.csproj", "{6080F092-62CE-465C-A25A-17B7E79709F0}"
EndProject
Global
	GlobalSection(SolutionConfigurationPlatforms) = preSolution
		Debug|Any CPU = Debug|Any CPU
		Debug|x64 = Debug|x64
		Debug|x86 = Debug|x86
		Release|Any CPU = Release|Any CPU
		Release|x64 = Release|x64
		Release|x86 = Release|x86
	EndGlobalSection
	GlobalSection(SolutionProperties) = preSolution
		HideSolutionNode = FALSE
	EndGlobalSection
	GlobalSection(ProjectConfigurationPlatforms) = postSolution
		{FB31E98A-8700-40C5-BB0F-5C2B540F2E4C}.Debug|Any CPU.ActiveCfg = Debug|Any CPU
		{FB31E98A-8700-40C5-BB0F-5C2B540F2E4C}.Debug|Any CPU.Build.0 = Debug|Any CPU
		{FB31E98A-8700-40C5-BB0F-5C2B540F2E4C}.Debug|x64.ActiveCfg = Debug|x64
		{FB31E98A-8700-40C5-BB0F-5C2B540F2E4C}.Debug|x64.Build.0 = Debug|x64
		{FB31E98A-8700-40C5-BB0F-5C2B540F2E4C}.Debug|x86.ActiveCfg = Debug|x86
		{FB31E98A-8700-40C5-BB0F-5C2B540F2E4C}.Debug|x86.Build.0 = Debug|x86
		{FB31E98A-8700-40C5-BB0F-5C2B540F2E4C}.Release|Any CPU.ActiveCfg = Release|Any CPU
		{FB31E98A-8700-40C5-BB0F-5C2B540F2E4C}.Release|Any CPU.Build.0 = Release|Any CPU
		{FB31E98A-8700-40C5-BB0F-5C2B540F2E4C}.Release|x64.ActiveCfg = Release|x64
		{FB31E98A-8700-40C5-BB0F-5C2B540F2E4C}.Release|x64.Build.0 = Release|x64
		{FB31E98A-8700-40C5-BB0F-5C2B540F2E4C}.Release|x86.ActiveCfg = Release|x86
		{FB31E98A-8700-40C5-BB0F-5C2B540F2E4C}.Release|x86.Build.0 = Release|x86
		{F734953B-A2CA-43A9-AB9F-409A813FA7C5}.Debug|Any CPU.ActiveCfg = Debug|Any CPU
		{F734953B-A2CA-43A9-AB9F-409A813FA7C5}.Debug|Any CPU.Build.0 = Debug|Any CPU
		{F734953B-A2CA-43A9-AB9F-409A813FA7C5}.Debug|x64.ActiveCfg = Debug|x64
		{F734953B-A2CA-43A9-AB9F-409A813FA7C5}.Debug|x64.Build.0 = Debug|x64
		{F734953B-A2CA-43A9-AB9F-409A813FA7C5}.Debug|x86.ActiveCfg = Debug|x86
		{F734953B-A2CA-43A9-AB9F-409A813FA7C5}.Debug|x86.Build.0 = Debug|x86
		{F734953B-A2CA-43A9-AB9F-409A813FA7C5}.Release|Any CPU.ActiveCfg = Release|Any CPU
		{F734953B-A2CA-43A9-AB9F-409A813FA7C5}.Release|Any CPU.Build.0 = Release|Any CPU
		{F734953B-A2CA-43A9-AB9F-409A813FA7C5}.Release|x64.ActiveCfg = Release|x64
		{F734953B-A2CA-43A9-AB9F-409A813FA7C5}.Release|x64.Build.0 = Release|x64
		{F734953B-A2CA-43A9-AB9F-409A813FA7C5}.Release|x86.ActiveCfg = Release|x86
		{F734953B-A2CA-43A9-AB9F-409A813FA7C5}.Release|x86.Build.0 = Release|x86
		{0FE37BD8-A05D-4AF0-B9D2-74394061E517}.Debug|Any CPU.ActiveCfg = Debug|Any CPU
		{0FE37BD8-A05D-4AF0-B9D2-74394061E517}.Debug|Any CPU.Build.0 = Debug|Any CPU
		{0FE37BD8-A05D-4AF0-B9D2-74394061E517}.Debug|x64.ActiveCfg = Debug|x64
		{0FE37BD8-A05D-4AF0-B9D2-74394061E517}.Debug|x64.Build.0 = Debug|x64
		{0FE37BD8-A05D-4AF0-B9D2-74394061E517}.Debug|x86.ActiveCfg = Debug|x86
		{0FE37BD8-A05D-4AF0-B9D2-74394061E517}.Debug|x86.Build.0 = Debug|x86
		{0FE37BD8-A05D-4AF0-B9D2-74394061E517}.Release|Any CPU.ActiveCfg = Release|Any CPU
		{0FE37BD8-A05D-4AF0-B9D2-74394061E517}.Release|Any CPU.Build.0 = Release|Any CPU
		{0FE37BD8-A05D-4AF0-B9D2-74394061E517}.Release|x64.ActiveCfg = Release|x64
		{0FE37BD8-A05D-4AF0-B9D2-74394061E517}.Release|x64.Build.0 = Release|x64
		{0FE37BD8-A05D-4AF0-B9D2-74394061E517}.Release|x86.ActiveCfg = Release|x86
		{0FE37BD8-A05D-4AF0-B9D2-74394061E517}.Release|x86.Build.0 = Release|x86
		{20F3AF3F-0DCA-46F0-8DA1-077E1324F21E}.Debug|Any CPU.ActiveCfg = Debug|Any CPU
		{20F3AF3F-0DCA-46F0-8DA1-077E1324F21E}.Debug|Any CPU.Build.0 = Debug|Any CPU
		{20F3AF3F-0DCA-46F0-8DA1-077E1324F21E}.Debug|x64.ActiveCfg = Debug|x64
		{20F3AF3F-0DCA-46F0-8DA1-077E1324F21E}.Debug|x64.Build.0 = Debug|x64
		{20F3AF3F-0DCA-46F0-8DA1-077E1324F21E}.Debug|x86.ActiveCfg = Debug|x86
		{20F3AF3F-0DCA-46F0-8DA1-077E1324F21E}.Debug|x86.Build.0 = Debug|x86
		{20F3AF3F-0DCA-46F0-8DA1-077E1324F21E}.Release|Any CPU.ActiveCfg = Release|Any CPU
		{20F3AF3F-0DCA-46F0-8DA1-077E1324F21E}.Release|Any CPU.Build.0 = Release|Any CPU
		{20F3AF3F-0DCA-46F0-8DA1-077E1324F21E}.Release|x64.ActiveCfg = Release|x64
		{20F3AF3F-0DCA-46F0-8DA1-077E1324F21E}.Release|x64.Build.0 = Release|x64
		{20F3AF3F-0DCA-46F0-8DA1-077E1324F21E}.Release|x86.ActiveCfg = Release|x86
		{20F3AF3F-0DCA-46F0-8DA1-077E1324F21E}.Release|x86.Build.0 = Release|x86
		{0E70ECD3-79E5-4DFF-BA69-B1FF75AA5827}.Debug|Any CPU.ActiveCfg = Debug|Any CPU
		{0E70ECD3-79E5-4DFF-BA69-B1FF75AA5827}.Debug|Any CPU.Build.0 = Debug|Any CPU
		{0E70ECD3-79E5-4DFF-BA69-B1FF75AA5827}.Debug|x64.ActiveCfg = Debug|x64
		{0E70ECD3-79E5-4DFF-BA69-B1FF75AA5827}.Debug|x64.Build.0 = Debug|x64
		{0E70ECD3-79E5-4DFF-BA69-B1FF75AA5827}.Debug|x86.ActiveCfg = Debug|x86
		{0E70ECD3-79E5-4DFF-BA69-B1FF75AA5827}.Debug|x86.Build.0 = Debug|x86
		{0E70ECD3-79E5-4DFF-BA69-B1FF75AA5827}.Release|Any CPU.ActiveCfg = Release|Any CPU
		{0E70ECD3-79E5-4DFF-BA69-B1FF75AA5827}.Release|Any CPU.Build.0 = Release|Any CPU
		{0E70ECD3-79E5-4DFF-BA69-B1FF75AA5827}.Release|x64.ActiveCfg = Release|x64
		{0E70ECD3-79E5-4DFF-BA69-B1FF75AA5827}.Release|x64.Build.0 = Release|x64
		{0E70ECD3-79E5-4DFF-BA69-B1FF75AA5827}.Release|x86.ActiveCfg = Release|x86
		{0E70ECD3-79E5-4DFF-BA69-B1FF75AA5827}.Release|x86.Build.0 = Release|x86
		{32549F83-22DD-4F06-9FF3-29F9A2722600}.Debug|Any CPU.ActiveCfg = Debug|Any CPU
		{32549F83-22DD-4F06-9FF3-29F9A2722600}.Debug|Any CPU.Build.0 = Debug|Any CPU
		{32549F83-22DD-4F06-9FF3-29F9A2722600}.Debug|x64.ActiveCfg = Debug|x64
		{32549F83-22DD-4F06-9FF3-29F9A2722600}.Debug|x64.Build.0 = Debug|x64
		{32549F83-22DD-4F06-9FF3-29F9A2722600}.Debug|x86.ActiveCfg = Debug|x86
		{32549F83-22DD-4F06-9FF3-29F9A2722600}.Debug|x86.Build.0 = Debug|x86
		{32549F83-22DD-4F06-9FF3-29F9A2722600}.Release|Any CPU.ActiveCfg = Release|Any CPU
		{32549F83-22DD-4F06-9FF3-29F9A2722600}.Release|Any CPU.Build.0 = Release|Any CPU
		{32549F83-22DD-4F06-9FF3-29F9A2722600}.Release|x64.ActiveCfg = Release|x64
		{32549F83-22DD-4F06-9FF3-29F9A2722600}.Release|x64.Build.0 = Release|x64
		{32549F83-22DD-4F06-9FF3-29F9A2722600}.Release|x86.ActiveCfg = Release|x86
		{32549F83-22DD-4F06-9FF3-29F9A2722600}.Release|x86.Build.0 = Release|x86
		{6080F092-62CE-465C-A25A-17B7E79709F0}.Debug|Any CPU.ActiveCfg = Debug|Any CPU
		{6080F092-62CE-465C-A25A-17B7E79709F0}.Debug|Any CPU.Build.0 = Debug|Any CPU
		{6080F092-62CE-465C-A25A-17B7E79709F0}.Debug|x64.ActiveCfg = Debug|x64
		{6080F092-62CE-465C-A25A-17B7E79709F0}.Debug|x64.Build.0 = Debug|x64
		{6080F092-62CE-465C-A25A-17B7E79709F0}.Debug|x86.ActiveCfg = Debug|x86
		{6080F092-62CE-465C-A25A-17B7E79709F0}.Debug|x86.Build.0 = Debug|x86
		{6080F092-62CE-465C-A25A-17B7E79709F0}.Release|Any CPU.ActiveCfg = Release|Any CPU
		{6080F092-62CE-465C-A25A-17B7E79709F0}.Release|Any CPU.Build.0 = Release|Any CPU
		{6080F092-62CE-465C-A25A-17B7E79709F0}.Release|x64.ActiveCfg = Release|x64
		{6080F092-62CE-465C-A25A-17B7E79709F0}.Release|x64.Build.0 = Release|x64
		{6080F092-62CE-465C-A25A-17B7E79709F0}.Release|x86.ActiveCfg = Release|x86
		{6080F092-62CE-465C-A25A-17B7E79709F0}.Release|x86.Build.0 = Release|x86
	EndGlobalSection
	GlobalSection(NestedProjects) = preSolution
		{FB31E98A-8700-40C5-BB0F-5C2B540F2E4C} = {A06D2D23-A087-4A2E-9BBD-FB69061ADD9F}
		{F734953B-A2CA-43A9-AB9F-409A813FA7C5} = {A06D2D23-A087-4A2E-9BBD-FB69061ADD9F}
		{0FE37BD8-A05D-4AF0-B9D2-74394061E517} = {A06D2D23-A087-4A2E-9BBD-FB69061ADD9F}
		{20F3AF3F-0DCA-46F0-8DA1-077E1324F21E} = {A06D2D23-A087-4A2E-9BBD-FB69061ADD9F}
		{0E70ECD3-79E5-4DFF-BA69-B1FF75AA5827} = {A06D2D23-A087-4A2E-9BBD-FB69061ADD9F}
		{32549F83-22DD-4F06-9FF3-29F9A2722600} = {A06D2D23-A087-4A2E-9BBD-FB69061ADD9F}
		{6080F092-62CE-465C-A25A-17B7E79709F0} = {A06D2D23-A087-4A2E-9BBD-FB69061ADD9F}
	EndGlobalSection
EndGlobal
